
Microsoft Visual Studio Solution File, Format Version 12.00
# Visual Studio Version 17
VisualStudioVersion = 17.0.31912.275
MinimumVisualStudioVersion = 10.0.40219.1
Project("{9A19103F-16F7-4668-BE54-9A1E7A4F7556}") = "MyOnlineShop", "MyOnlineShop\MyOnlineShop.csproj", "{386AF20E-F376-4783-BC62-ADEB82592DA3}"
EndProject
Global
	GlobalSection(SolutionConfigurationPlatforms) = preSolution
		Debug|Any CPU = Debug|Any CPU
		Release|Any CPU = Release|Any CPU
	EndGlobalSection
	GlobalSection(ProjectConfigurationPlatforms) = postSolution
		{386AF20E-F376-4783-BC62-ADEB82592DA3}.Debug|Any CPU.ActiveCfg = Debug|Any CPU
		{386AF20E-F376-4783-BC62-ADEB82592DA3}.Debug|Any CPU.Build.0 = Debug|Any CPU
		{386AF20E-F376-4783-BC62-ADEB82592DA3}.Release|Any CPU.ActiveCfg = Release|Any CPU
		{386AF20E-F376-4783-BC62-ADEB82592DA3}.Release|Any CPU.Build.0 = Release|Any CPU
	EndGlobalSection
	GlobalSection(SolutionProperties) = preSolution
		HideSolutionNode = FALSE
	EndGlobalSection
	GlobalSection(ExtensibilityGlobals) = postSolution
		SolutionGuid = {1D503A32-ACC4-4705-AC9A-69AA8C430813}
	EndGlobalSection
	GlobalSection(TeamFoundationVersionControl) = preSolution
		SccNumberOfProjects = 2
		SccEnterpriseProvider = {4CA58AB2-18FA-4F8D-95D4-32DDF27D184C}
		SccTeamFoundationServer = https://farjamrayan.visualstudio.com/
		SccLocalPath0 = .
		SccProjectUniqueName1 = MyOnlineShop\\MyOnlineShop.csproj
		SccProjectName1 = MyOnlineShop
		SccLocalPath1 = MyOnlineShop
	EndGlobalSection
EndGlobal
